{
  "version": 4,
  "terraform_version": "0.15.0",
  "serial": 188,
  "lineage": "c4b10db9-8a8a-5286-2e3b-eb0918db9d1c",
  "outputs": {},
  "resources": [
    {
      "module": "module.spa",
      "mode": "data",
      "type": "template_file",
      "name": "s3_policy",
      "provider": "provider[\"registry.terraform.io/hashicorp/template\"]",
      "instances": [
        {
          "schema_version": 0,
          "attributes": {
            "filename": null,
            "id": "30a67c5a05278130479d452108ed02be08fa3540aeff393e49c243608f27f455",
            "rendered": "{\n  \"Version\": \"2008-10-17\",\n  \"Id\": \"PolicyForCloudFrontPrivateContent\",\n  \"Statement\": [\n    {\n      \"Sid\": \"1\",\n      \"Effect\": \"Allow\",\n      \"Principal\": {\n        \"AWS\": \"arn:aws:iam::cloudfront:user/CloudFront Origin Access Identity EL52NO940BOUE\"\n      },\n      \"Action\": [\"s3:GetObject\"],\n      \"Resource\": [\"arn:aws:s3:::tranaza/*\"]\n    }\n  ]\n}",
            "template": "{\n  \"Version\": \"2008-10-17\",\n  \"Id\": \"PolicyForCloudFrontPrivateContent\",\n  \"Statement\": [\n    {\n      \"Sid\": \"1\",\n      \"Effect\": \"Allow\",\n      \"Principal\": {\n        \"AWS\": \"arn:aws:iam::cloudfront:user/CloudFront Origin Access Identity ${origin_access_identity}\"\n      },\n      \"Action\": [\"s3:GetObject\"],\n      \"Resource\": [\"arn:aws:s3:::${bucket_name}/*\"]\n    }\n  ]\n}",
            "vars": {
              "bucket_name": "tranaza",
              "origin_access_identity": "EL52NO940BOUE"
            }
          },
          "sensitive_attributes": []
        }
      ]
    },
    {
      "module": "module.spa",
      "mode": "managed",
      "type": "aws_cloudfront_origin_access_identity",
      "name": "this",
      "provider": "provider[\"registry.terraform.io/hashicorp/aws\"]",
      "instances": [
        {
          "schema_version": 0,
          "attributes": {
            "caller_reference": "terraform-20220409153118801300000001",
            "cloudfront_access_identity_path": "origin-access-identity/cloudfront/EL52NO940BOUE",
            "comment": "tranaza",
            "etag": "E28WRFPDQIZWJL",
            "iam_arn": "arn:aws:iam::cloudfront:user/CloudFront Origin Access Identity EL52NO940BOUE",
            "id": "EL52NO940BOUE",
            "s3_canonical_user_id": "35101d3bf41860b31212e6a4304b8e3dd94c8fb2c221ff70f0db4091ad74c6ed8787437c6fe24c52feae87eb56761c1a"
          },
          "sensitive_attributes": [],
          "private": "bnVsbA=="
        }
      ]
    },
    {
      "module": "module.spa",
      "mode": "managed",
      "type": "aws_s3_bucket",
      "name": "this",
      "provider": "provider[\"registry.terraform.io/hashicorp/aws\"]",
      "instances": [
        {
          "schema_version": 0,
          "attributes": {
            "acceleration_status": "",
            "acl": "private",
            "arn": "arn:aws:s3:::tranaza",
            "bucket": "tranaza",
            "bucket_domain_name": "tranaza.s3.amazonaws.com",
            "bucket_prefix": null,
            "bucket_regional_domain_name": "tranaza.s3.amazonaws.com",
            "cors_rule": [],
            "force_destroy": false,
            "grant": [],
            "hosted_zone_id": "Z3AQBSTGFYJSTF",
            "id": "tranaza",
            "lifecycle_rule": [],
            "logging": [],
            "object_lock_configuration": [],
            "policy": null,
            "region": "us-east-1",
            "replication_configuration": [],
            "request_payer": "BucketOwner",
            "server_side_encryption_configuration": [],
            "tags": {},
            "tags_all": {},
            "versioning": [
              {
                "enabled": false,
                "mfa_delete": false
              }
            ],
            "website": [],
            "website_domain": null,
            "website_endpoint": null
          },
          "sensitive_attributes": [],
          "private": "bnVsbA=="
        }
      ]
    },
    {
      "module": "module.spa",
      "mode": "managed",
      "type": "aws_s3_bucket_policy",
      "name": "this",
      "provider": "provider[\"registry.terraform.io/hashicorp/aws\"]",
      "instances": [
        {
          "schema_version": 0,
          "attributes": {
            "bucket": "tranaza",
            "id": "tranaza",
            "policy": "{\"Version\":\"2008-10-17\",\"Id\":\"PolicyForCloudFrontPrivateContent\",\"Statement\":[{\"Sid\":\"1\",\"Effect\":\"Allow\",\"Principal\":{\"AWS\":\"arn:aws:iam::cloudfront:user/CloudFront Origin Access Identity EL52NO940BOUE\"},\"Action\":\"s3:GetObject\",\"Resource\":\"arn:aws:s3:::tranaza/*\"}]}"
          },
          "sensitive_attributes": [],
          "private": "bnVsbA==",
          "dependencies": [
            "module.spa.aws_cloudfront_origin_access_identity.this",
            "module.spa.aws_s3_bucket.this",
            "module.spa.data.template_file.s3_policy"
          ]
        }
      ]
    }
  ]
}
